
Microsoft Visual Studio Solution File, Format Version 12.00
# Visual Studio 14
VisualStudioVersion = 14.0.23107.0
MinimumVisualStudioVersion = 14.0.23107.0
Project("{2150E333-8FDC-42A3-9474-1A3956D46DE8}") = "softy", "softy", "{1D1DF1F1-9D0F-4595-88A8-4C58C1001D0A}"
	ProjectSection(SiliconStudioPackage) = preProject
		softy/softy.xkpkg = softy/softy.xkpkg
	EndProjectSection
EndProject
Project("{FAE04EC0-301F-11D3-BF4B-00C04F79EFBC}") = "softy.Windows", "softy\softy.Windows\softy.Windows.csproj", "{CEF6969D-9488-4842-B5D1-5D1C428B2F1C}"
EndProject
Project("{FAE04EC0-301F-11D3-BF4B-00C04F79EFBC}") = "softy.Game", "softy\softy.Game\softy.Game.csproj", "{A25F4455-1B3C-4DCC-BED9-583289ED91B0}"
EndProject
Project("{FAE04EC0-301F-11D3-BF4B-00C04F79EFBC}") = "softy.Linux", "softy\softy.Linux\softy.Linux.csproj", "{FA12E411-030F-46D8-9909-2DFD3EF0CAA1}"
EndProject
Global
	GlobalSection(SolutionConfigurationPlatforms) = preSolution
		AppStore|Any CPU = AppStore|Any CPU
		AppStore|Linux = AppStore|Linux
		AppStore|Mixed Platforms = AppStore|Mixed Platforms
		AppStore|Windows = AppStore|Windows
		CoreCLR_Debug|Any CPU = CoreCLR_Debug|Any CPU
		CoreCLR_Debug|Linux = CoreCLR_Debug|Linux
		CoreCLR_Debug|Mixed Platforms = CoreCLR_Debug|Mixed Platforms
		CoreCLR_Debug|Windows = CoreCLR_Debug|Windows
		CoreCLR_Release|Any CPU = CoreCLR_Release|Any CPU
		CoreCLR_Release|Linux = CoreCLR_Release|Linux
		CoreCLR_Release|Mixed Platforms = CoreCLR_Release|Mixed Platforms
		CoreCLR_Release|Windows = CoreCLR_Release|Windows
		Debug|Any CPU = Debug|Any CPU
		Debug|Linux = Debug|Linux
		Debug|Mixed Platforms = Debug|Mixed Platforms
		Debug|Windows = Debug|Windows
		Release|Any CPU = Release|Any CPU
		Release|Linux = Release|Linux
		Release|Mixed Platforms = Release|Mixed Platforms
		Release|Windows = Release|Windows
		Testing|Any CPU = Testing|Any CPU
		Testing|Linux = Testing|Linux
		Testing|Mixed Platforms = Testing|Mixed Platforms
		Testing|Windows = Testing|Windows
	EndGlobalSection
	GlobalSection(ProjectConfigurationPlatforms) = postSolution
		{CEF6969D-9488-4842-B5D1-5D1C428B2F1C}.AppStore|Any CPU.ActiveCfg = AppStore|Any CPU
		{CEF6969D-9488-4842-B5D1-5D1C428B2F1C}.AppStore|Any CPU.Build.0 = AppStore|Any CPU
		{CEF6969D-9488-4842-B5D1-5D1C428B2F1C}.AppStore|Any CPU.Deploy.0 = AppStore|Any CPU
		{CEF6969D-9488-4842-B5D1-5D1C428B2F1C}.AppStore|Linux.ActiveCfg = AppStore|Any CPU
		{CEF6969D-9488-4842-B5D1-5D1C428B2F1C}.AppStore|Mixed Platforms.ActiveCfg = AppStore|Any CPU
		{CEF6969D-9488-4842-B5D1-5D1C428B2F1C}.AppStore|Mixed Platforms.Build.0 = AppStore|Any CPU
		{CEF6969D-9488-4842-B5D1-5D1C428B2F1C}.AppStore|Mixed Platforms.Deploy.0 = AppStore|Any CPU
		{CEF6969D-9488-4842-B5D1-5D1C428B2F1C}.AppStore|Windows.ActiveCfg = AppStore|Any CPU
		{CEF6969D-9488-4842-B5D1-5D1C428B2F1C}.AppStore|Windows.Build.0 = AppStore|Any CPU
		{CEF6969D-9488-4842-B5D1-5D1C428B2F1C}.AppStore|Windows.Deploy.0 = AppStore|Any CPU
		{CEF6969D-9488-4842-B5D1-5D1C428B2F1C}.CoreCLR_Debug|Any CPU.ActiveCfg = CoreCLR_Debug|Any CPU
		{CEF6969D-9488-4842-B5D1-5D1C428B2F1C}.CoreCLR_Debug|Any CPU.Build.0 = CoreCLR_Debug|Any CPU
		{CEF6969D-9488-4842-B5D1-5D1C428B2F1C}.CoreCLR_Debug|Any CPU.Deploy.0 = CoreCLR_Debug|Any CPU
		{CEF6969D-9488-4842-B5D1-5D1C428B2F1C}.CoreCLR_Debug|Linux.ActiveCfg = CoreCLR_Debug|Any CPU
		{CEF6969D-9488-4842-B5D1-5D1C428B2F1C}.CoreCLR_Debug|Mixed Platforms.ActiveCfg = CoreCLR_Debug|Any CPU
		{CEF6969D-9488-4842-B5D1-5D1C428B2F1C}.CoreCLR_Debug|Mixed Platforms.Build.0 = CoreCLR_Debug|Any CPU
		{CEF6969D-9488-4842-B5D1-5D1C428B2F1C}.CoreCLR_Debug|Mixed Platforms.Deploy.0 = CoreCLR_Debug|Any CPU
		{CEF6969D-9488-4842-B5D1-5D1C428B2F1C}.CoreCLR_Debug|Windows.ActiveCfg = CoreCLR_Debug|Any CPU
		{CEF6969D-9488-4842-B5D1-5D1C428B2F1C}.CoreCLR_Debug|Windows.Build.0 = CoreCLR_Debug|Any CPU
		{CEF6969D-9488-4842-B5D1-5D1C428B2F1C}.CoreCLR_Debug|Windows.Deploy.0 = CoreCLR_Debug|Any CPU
		{CEF6969D-9488-4842-B5D1-5D1C428B2F1C}.CoreCLR_Release|Any CPU.ActiveCfg = CoreCLR_Release|Any CPU
		{CEF6969D-9488-4842-B5D1-5D1C428B2F1C}.CoreCLR_Release|Any CPU.Build.0 = CoreCLR_Release|Any CPU
		{CEF6969D-9488-4842-B5D1-5D1C428B2F1C}.CoreCLR_Release|Any CPU.Deploy.0 = CoreCLR_Release|Any CPU
		{CEF6969D-9488-4842-B5D1-5D1C428B2F1C}.CoreCLR_Release|Linux.ActiveCfg = CoreCLR_Release|Any CPU
		{CEF6969D-9488-4842-B5D1-5D1C428B2F1C}.CoreCLR_Release|Mixed Platforms.ActiveCfg = CoreCLR_Release|Any CPU
		{CEF6969D-9488-4842-B5D1-5D1C428B2F1C}.CoreCLR_Release|Mixed Platforms.Build.0 = CoreCLR_Release|Any CPU
		{CEF6969D-9488-4842-B5D1-5D1C428B2F1C}.CoreCLR_Release|Mixed Platforms.Deploy.0 = CoreCLR_Release|Any CPU
		{CEF6969D-9488-4842-B5D1-5D1C428B2F1C}.CoreCLR_Release|Windows.ActiveCfg = CoreCLR_Release|Any CPU
		{CEF6969D-9488-4842-B5D1-5D1C428B2F1C}.CoreCLR_Release|Windows.Build.0 = CoreCLR_Release|Any CPU
		{CEF6969D-9488-4842-B5D1-5D1C428B2F1C}.CoreCLR_Release|Windows.Deploy.0 = CoreCLR_Release|Any CPU
		{CEF6969D-9488-4842-B5D1-5D1C428B2F1C}.Debug|Any CPU.ActiveCfg = Debug|Any CPU
		{CEF6969D-9488-4842-B5D1-5D1C428B2F1C}.Debug|Any CPU.Build.0 = Debug|Any CPU
		{CEF6969D-9488-4842-B5D1-5D1C428B2F1C}.Debug|Any CPU.Deploy.0 = Debug|Any CPU
		{CEF6969D-9488-4842-B5D1-5D1C428B2F1C}.Debug|Linux.ActiveCfg = Debug|Any CPU
		{CEF6969D-9488-4842-B5D1-5D1C428B2F1C}.Debug|Mixed Platforms.ActiveCfg = Debug|Any CPU
		{CEF6969D-9488-4842-B5D1-5D1C428B2F1C}.Debug|Mixed Platforms.Build.0 = Debug|Any CPU
		{CEF6969D-9488-4842-B5D1-5D1C428B2F1C}.Debug|Mixed Platforms.Deploy.0 = Debug|Any CPU
		{CEF6969D-9488-4842-B5D1-5D1C428B2F1C}.Debug|Windows.ActiveCfg = Debug|Any CPU
		{CEF6969D-9488-4842-B5D1-5D1C428B2F1C}.Debug|Windows.Build.0 = Debug|Any CPU
		{CEF6969D-9488-4842-B5D1-5D1C428B2F1C}.Debug|Windows.Deploy.0 = Debug|Any CPU
		{CEF6969D-9488-4842-B5D1-5D1C428B2F1C}.Release|Any CPU.ActiveCfg = Release|Any CPU
		{CEF6969D-9488-4842-B5D1-5D1C428B2F1C}.Release|Any CPU.Build.0 = Release|Any CPU
		{CEF6969D-9488-4842-B5D1-5D1C428B2F1C}.Release|Any CPU.Deploy.0 = Release|Any CPU
		{CEF6969D-9488-4842-B5D1-5D1C428B2F1C}.Release|Linux.ActiveCfg = Release|Any CPU
		{CEF6969D-9488-4842-B5D1-5D1C428B2F1C}.Release|Mixed Platforms.ActiveCfg = Release|Any CPU
		{CEF6969D-9488-4842-B5D1-5D1C428B2F1C}.Release|Mixed Platforms.Build.0 = Release|Any CPU
		{CEF6969D-9488-4842-B5D1-5D1C428B2F1C}.Release|Mixed Platforms.Deploy.0 = Release|Any CPU
		{CEF6969D-9488-4842-B5D1-5D1C428B2F1C}.Release|Windows.ActiveCfg = Release|Any CPU
		{CEF6969D-9488-4842-B5D1-5D1C428B2F1C}.Release|Windows.Build.0 = Release|Any CPU
		{CEF6969D-9488-4842-B5D1-5D1C428B2F1C}.Release|Windows.Deploy.0 = Release|Any CPU
		{CEF6969D-9488-4842-B5D1-5D1C428B2F1C}.Testing|Any CPU.ActiveCfg = Testing|Any CPU
		{CEF6969D-9488-4842-B5D1-5D1C428B2F1C}.Testing|Any CPU.Build.0 = Testing|Any CPU
		{CEF6969D-9488-4842-B5D1-5D1C428B2F1C}.Testing|Any CPU.Deploy.0 = Testing|Any CPU
		{CEF6969D-9488-4842-B5D1-5D1C428B2F1C}.Testing|Linux.ActiveCfg = Testing|Any CPU
		{CEF6969D-9488-4842-B5D1-5D1C428B2F1C}.Testing|Mixed Platforms.ActiveCfg = Testing|Any CPU
		{CEF6969D-9488-4842-B5D1-5D1C428B2F1C}.Testing|Mixed Platforms.Build.0 = Testing|Any CPU
		{CEF6969D-9488-4842-B5D1-5D1C428B2F1C}.Testing|Mixed Platforms.Deploy.0 = Testing|Any CPU
		{CEF6969D-9488-4842-B5D1-5D1C428B2F1C}.Testing|Windows.ActiveCfg = Testing|Any CPU
		{CEF6969D-9488-4842-B5D1-5D1C428B2F1C}.Testing|Windows.Build.0 = Testing|Any CPU
		{CEF6969D-9488-4842-B5D1-5D1C428B2F1C}.Testing|Windows.Deploy.0 = Testing|Any CPU
		{A25F4455-1B3C-4DCC-BED9-583289ED91B0}.AppStore|Any CPU.ActiveCfg = AppStore|Any CPU
		{A25F4455-1B3C-4DCC-BED9-583289ED91B0}.AppStore|Any CPU.Build.0 = AppStore|Any CPU
		{A25F4455-1B3C-4DCC-BED9-583289ED91B0}.AppStore|Linux.ActiveCfg = Debug|Linux
		{A25F4455-1B3C-4DCC-BED9-583289ED91B0}.AppStore|Mixed Platforms.ActiveCfg = AppStore|Any CPU
		{A25F4455-1B3C-4DCC-BED9-583289ED91B0}.AppStore|Mixed Platforms.Build.0 = AppStore|Any CPU
		{A25F4455-1B3C-4DCC-BED9-583289ED91B0}.AppStore|Windows.ActiveCfg = AppStore|Any CPU
		{A25F4455-1B3C-4DCC-BED9-583289ED91B0}.AppStore|Windows.Build.0 = AppStore|Any CPU
		{A25F4455-1B3C-4DCC-BED9-583289ED91B0}.CoreCLR_Debug|Any CPU.ActiveCfg = CoreCLR_Debug|Any CPU
		{A25F4455-1B3C-4DCC-BED9-583289ED91B0}.CoreCLR_Debug|Any CPU.Build.0 = CoreCLR_Debug|Any CPU
		{A25F4455-1B3C-4DCC-BED9-583289ED91B0}.CoreCLR_Debug|Linux.ActiveCfg = CoreCLR_Debug|Linux
		{A25F4455-1B3C-4DCC-BED9-583289ED91B0}.CoreCLR_Debug|Linux.Build.0 = CoreCLR_Debug|Linux
		{A25F4455-1B3C-4DCC-BED9-583289ED91B0}.CoreCLR_Debug|Mixed Platforms.ActiveCfg = CoreCLR_Debug|Any CPU
		{A25F4455-1B3C-4DCC-BED9-583289ED91B0}.CoreCLR_Debug|Mixed Platforms.Build.0 = CoreCLR_Debug|Any CPU
		{A25F4455-1B3C-4DCC-BED9-583289ED91B0}.CoreCLR_Debug|Windows.ActiveCfg = CoreCLR_Debug|Any CPU
		{A25F4455-1B3C-4DCC-BED9-583289ED91B0}.CoreCLR_Debug|Windows.Build.0 = CoreCLR_Debug|Any CPU
		{A25F4455-1B3C-4DCC-BED9-583289ED91B0}.CoreCLR_Release|Any CPU.ActiveCfg = CoreCLR_Release|Any CPU
		{A25F4455-1B3C-4DCC-BED9-583289ED91B0}.CoreCLR_Release|Any CPU.Build.0 = CoreCLR_Release|Any CPU
		{A25F4455-1B3C-4DCC-BED9-583289ED91B0}.CoreCLR_Release|Linux.ActiveCfg = CoreCLR_Release|Linux
		{A25F4455-1B3C-4DCC-BED9-583289ED91B0}.CoreCLR_Release|Linux.Build.0 = CoreCLR_Release|Linux
		{A25F4455-1B3C-4DCC-BED9-583289ED91B0}.CoreCLR_Release|Mixed Platforms.ActiveCfg = CoreCLR_Release|Any CPU
		{A25F4455-1B3C-4DCC-BED9-583289ED91B0}.CoreCLR_Release|Mixed Platforms.Build.0 = CoreCLR_Release|Any CPU
		{A25F4455-1B3C-4DCC-BED9-583289ED91B0}.CoreCLR_Release|Windows.ActiveCfg = CoreCLR_Release|Any CPU
		{A25F4455-1B3C-4DCC-BED9-583289ED91B0}.CoreCLR_Release|Windows.Build.0 = CoreCLR_Release|Any CPU
		{A25F4455-1B3C-4DCC-BED9-583289ED91B0}.Debug|Any CPU.ActiveCfg = Debug|Any CPU
		{A25F4455-1B3C-4DCC-BED9-583289ED91B0}.Debug|Any CPU.Build.0 = Debug|Any CPU
		{A25F4455-1B3C-4DCC-BED9-583289ED91B0}.Debug|Linux.ActiveCfg = Debug|Linux
		{A25F4455-1B3C-4DCC-BED9-583289ED91B0}.Debug|Linux.Build.0 = Debug|Linux
		{A25F4455-1B3C-4DCC-BED9-583289ED91B0}.Debug|Mixed Platforms.ActiveCfg = Debug|Any CPU
		{A25F4455-1B3C-4DCC-BED9-583289ED91B0}.Debug|Mixed Platforms.Build.0 = Debug|Any CPU
		{A25F4455-1B3C-4DCC-BED9-583289ED91B0}.Debug|Windows.ActiveCfg = Debug|Any CPU
		{A25F4455-1B3C-4DCC-BED9-583289ED91B0}.Debug|Windows.Build.0 = Debug|Any CPU
		{A25F4455-1B3C-4DCC-BED9-583289ED91B0}.Release|Any CPU.ActiveCfg = Release|Any CPU
		{A25F4455-1B3C-4DCC-BED9-583289ED91B0}.Release|Any CPU.Build.0 = Release|Any CPU
		{A25F4455-1B3C-4DCC-BED9-583289ED91B0}.Release|Linux.ActiveCfg = Release|Linux
		{A25F4455-1B3C-4DCC-BED9-583289ED91B0}.Release|Linux.Build.0 = Release|Linux
		{A25F4455-1B3C-4DCC-BED9-583289ED91B0}.Release|Mixed Platforms.ActiveCfg = Release|Any CPU
		{A25F4455-1B3C-4DCC-BED9-583289ED91B0}.Release|Mixed Platforms.Build.0 = Release|Any CPU
		{A25F4455-1B3C-4DCC-BED9-583289ED91B0}.Release|Windows.ActiveCfg = Release|Any CPU
		{A25F4455-1B3C-4DCC-BED9-583289ED91B0}.Release|Windows.Build.0 = Release|Any CPU
		{A25F4455-1B3C-4DCC-BED9-583289ED91B0}.Testing|Any CPU.ActiveCfg = Testing|Any CPU
		{A25F4455-1B3C-4DCC-BED9-583289ED91B0}.Testing|Any CPU.Build.0 = Testing|Any CPU
		{A25F4455-1B3C-4DCC-BED9-583289ED91B0}.Testing|Linux.ActiveCfg = Debug|Linux
		{A25F4455-1B3C-4DCC-BED9-583289ED91B0}.Testing|Mixed Platforms.ActiveCfg = Testing|Any CPU
		{A25F4455-1B3C-4DCC-BED9-583289ED91B0}.Testing|Mixed Platforms.Build.0 = Testing|Any CPU
		{A25F4455-1B3C-4DCC-BED9-583289ED91B0}.Testing|Windows.ActiveCfg = Testing|Any CPU
		{A25F4455-1B3C-4DCC-BED9-583289ED91B0}.Testing|Windows.Build.0 = Testing|Any CPU
		{FA12E411-030F-46D8-9909-2DFD3EF0CAA1}.AppStore|Any CPU.ActiveCfg = Debug|Linux
		{FA12E411-030F-46D8-9909-2DFD3EF0CAA1}.AppStore|Linux.ActiveCfg = Debug|Linux
		{FA12E411-030F-46D8-9909-2DFD3EF0CAA1}.AppStore|Mixed Platforms.ActiveCfg = Debug|Linux
		{FA12E411-030F-46D8-9909-2DFD3EF0CAA1}.AppStore|Windows.ActiveCfg = Debug|Linux
		{FA12E411-030F-46D8-9909-2DFD3EF0CAA1}.CoreCLR_Debug|Any CPU.ActiveCfg = CoreCLR_Debug|Linux
		{FA12E411-030F-46D8-9909-2DFD3EF0CAA1}.CoreCLR_Debug|Linux.ActiveCfg = CoreCLR_Debug|Linux
		{FA12E411-030F-46D8-9909-2DFD3EF0CAA1}.CoreCLR_Debug|Linux.Build.0 = CoreCLR_Debug|Linux
		{FA12E411-030F-46D8-9909-2DFD3EF0CAA1}.CoreCLR_Debug|Linux.Deploy.0 = CoreCLR_Debug|Linux
		{FA12E411-030F-46D8-9909-2DFD3EF0CAA1}.CoreCLR_Debug|Mixed Platforms.ActiveCfg = CoreCLR_Debug|Linux
		{FA12E411-030F-46D8-9909-2DFD3EF0CAA1}.CoreCLR_Debug|Windows.ActiveCfg = CoreCLR_Debug|Linux
		{FA12E411-030F-46D8-9909-2DFD3EF0CAA1}.CoreCLR_Release|Any CPU.ActiveCfg = CoreCLR_Release|Linux
		{FA12E411-030F-46D8-9909-2DFD3EF0CAA1}.CoreCLR_Release|Linux.ActiveCfg = CoreCLR_Release|Linux
		{FA12E411-030F-46D8-9909-2DFD3EF0CAA1}.CoreCLR_Release|Linux.Build.0 = CoreCLR_Release|Linux
		{FA12E411-030F-46D8-9909-2DFD3EF0CAA1}.CoreCLR_Release|Linux.Deploy.0 = CoreCLR_Release|Linux
		{FA12E411-030F-46D8-9909-2DFD3EF0CAA1}.CoreCLR_Release|Mixed Platforms.ActiveCfg = CoreCLR_Release|Linux
		{FA12E411-030F-46D8-9909-2DFD3EF0CAA1}.CoreCLR_Release|Windows.ActiveCfg = CoreCLR_Release|Linux
		{FA12E411-030F-46D8-9909-2DFD3EF0CAA1}.Debug|Any CPU.ActiveCfg = Debug|Linux
		{FA12E411-030F-46D8-9909-2DFD3EF0CAA1}.Debug|Linux.ActiveCfg = Debug|Linux
		{FA12E411-030F-46D8-9909-2DFD3EF0CAA1}.Debug|Linux.Build.0 = Debug|Linux
		{FA12E411-030F-46D8-9909-2DFD3EF0CAA1}.Debug|Linux.Deploy.0 = Debug|Linux
		{FA12E411-030F-46D8-9909-2DFD3EF0CAA1}.Debug|Mixed Platforms.ActiveCfg = Debug|Linux
		{FA12E411-030F-46D8-9909-2DFD3EF0CAA1}.Debug|Windows.ActiveCfg = Debug|Linux
		{FA12E411-030F-46D8-9909-2DFD3EF0CAA1}.Release|Any CPU.ActiveCfg = Release|Linux
		{FA12E411-030F-46D8-9909-2DFD3EF0CAA1}.Release|Linux.ActiveCfg = Release|Linux
		{FA12E411-030F-46D8-9909-2DFD3EF0CAA1}.Release|Linux.Build.0 = Release|Linux
		{FA12E411-030F-46D8-9909-2DFD3EF0CAA1}.Release|Linux.Deploy.0 = Release|Linux
		{FA12E411-030F-46D8-9909-2DFD3EF0CAA1}.Release|Mixed Platforms.ActiveCfg = Release|Linux
		{FA12E411-030F-46D8-9909-2DFD3EF0CAA1}.Release|Windows.ActiveCfg = Release|Linux
		{FA12E411-030F-46D8-9909-2DFD3EF0CAA1}.Testing|Any CPU.ActiveCfg = Debug|Linux
		{FA12E411-030F-46D8-9909-2DFD3EF0CAA1}.Testing|Linux.ActiveCfg = Debug|Linux
		{FA12E411-030F-46D8-9909-2DFD3EF0CAA1}.Testing|Mixed Platforms.ActiveCfg = Debug|Linux
		{FA12E411-030F-46D8-9909-2DFD3EF0CAA1}.Testing|Windows.ActiveCfg = Debug|Linux
	EndGlobalSection
	GlobalSection(SolutionProperties) = preSolution
		HideSolutionNode = FALSE
	EndGlobalSection
	GlobalSection(NestedProjects) = preSolution
		{CEF6969D-9488-4842-B5D1-5D1C428B2F1C} = {1D1DF1F1-9D0F-4595-88A8-4C58C1001D0A}
		{A25F4455-1B3C-4DCC-BED9-583289ED91B0} = {1D1DF1F1-9D0F-4595-88A8-4C58C1001D0A}
		{FA12E411-030F-46D8-9909-2DFD3EF0CAA1} = {1D1DF1F1-9D0F-4595-88A8-4C58C1001D0A}
	EndGlobalSection
EndGlobal
